<?xml version="1.0" encoding="utf-8"?>
<Project ToolsVersion="4.0" xmlns="http://schemas.microsoft.com/developer/msbuild/2003">
  <ItemGroup>
    <Filter Include="0-基本函数">
      <UniqueIdentifier>{96d95782-a41b-46b9-9f4f-0e30fd3d8b4b}</UniqueIdentifier>
    </Filter>
    <Filter Include="2-星点提取">
      <UniqueIdentifier>{055ca950-9a7f-4558-bf23-79d6bbfc8a79}</UniqueIdentifier>
    </Filter>
    <Filter Include="3-星图识别">
      <UniqueIdentifier>{93995380-89BD-4b04-88EB-625FBE52EBFB}</UniqueIdentifier>
      <Extensions>h;hpp;hxx;hm;inl;inc;xsd</Extensions>
    </Filter>
    <Filter Include="4-星敏定标">
      <UniqueIdentifier>{ca08f537-208e-4cf2-ab48-cc0121d5e219}</UniqueIdentifier>
    </Filter>
    <Filter Include="5-姿态确定">
      <UniqueIdentifier>{228e2dd9-daeb-4ef2-ab76-2414e746357d}</UniqueIdentifier>
    </Filter>
    <Filter Include="1-姿态数据">
      <UniqueIdentifier>{44edb53d-a93e-4344-bb1a-b76b0aa63590}</UniqueIdentifier>
    </Filter>
  </ItemGroup>
  <ItemGroup>
    <ClInclude Include="StarIdentify.h">
      <Filter>3-星图识别</Filter>
    </ClInclude>
    <ClInclude Include="StarExtract.h">
      <Filter>2-星点提取</Filter>
    </ClInclude>
    <ClInclude Include="BaseFunc.h">
      <Filter>0-基本函数</Filter>
    </ClInclude>
    <ClInclude Include="GeoReadImage.h">
      <Filter>0-基本函数</Filter>
    </ClInclude>
    <ClInclude Include="ParseSTG.h">
      <Filter>1-姿态数据</Filter>
    </ClInclude>
    <ClInclude Include="DateTime.h">
      <Filter>0-基本函数</Filter>
    </ClInclude>
    <ClInclude Include="SateBase.h">
      <Filter>0-基本函数</Filter>
    </ClInclude>
    <ClInclude Include="APScalibration.h">
      <Filter>4-星敏定标</Filter>
    </ClInclude>
    <ClInclude Include="AttDetermination.h">
      <Filter>5-姿态确定</Filter>
    </ClInclude>
    <ClInclude Include="AttSim.h">
      <Filter>1-姿态数据</Filter>
    </ClInclude>
    <ClInclude Include="matrix.h">
      <Filter>0-基本函数</Filter>
    </ClInclude>
  </ItemGroup>
  <ItemGroup>
    <ClCompile Include="StarIdentify.cpp">
      <Filter>3-星图识别</Filter>
    </ClCompile>
    <ClCompile Include="StarExtract.cpp">
      <Filter>2-星点提取</Filter>
    </ClCompile>
    <ClCompile Include="BaseFunc.cpp">
      <Filter>0-基本函数</Filter>
    </ClCompile>
    <ClCompile Include="GeoReadImage.cpp">
      <Filter>0-基本函数</Filter>
    </ClCompile>
    <ClCompile Include="ParseSTG.cpp">
      <Filter>1-姿态数据</Filter>
    </ClCompile>
    <ClCompile Include="Main.cpp">
      <Filter>5-姿态确定</Filter>
    </ClCompile>
    <ClCompile Include="DateTime.cpp">
      <Filter>0-基本函数</Filter>
    </ClCompile>
    <ClCompile Include="APScalibration.cpp">
      <Filter>4-星敏定标</Filter>
    </ClCompile>
    <ClCompile Include="AttDetermination.cpp">
      <Filter>5-姿态确定</Filter>
    </ClCompile>
    <ClCompile Include="AttSim.cpp">
      <Filter>1-姿态数据</Filter>
    </ClCompile>
  </ItemGroup>
</Project>